
Microsoft Visual Studio Solution File, Format Version 12.00
# Visual Studio Version 17
VisualStudioVersion = 17.14.36616.10 d17.14
MinimumVisualStudioVersion = 10.0.40219.1
Project("{FAE04EC0-301F-11D3-BF4B-00C04F79EFBC}") = "Followers.API", "Followers.API\Followers.API.csproj", "{B8AC4782-E97D-4CB0-85E0-79D7ED801997}"
EndProject
Global
	GlobalSection(SolutionConfigurationPlatforms) = preSolution
		Debug|Any CPU = Debug|Any CPU
		Release|Any CPU = Release|Any CPU
	EndGlobalSection
	GlobalSection(ProjectConfigurationPlatforms) = postSolution
		{B8AC4782-E97D-4CB0-85E0-79D7ED801997}.Debug|Any CPU.ActiveCfg = Debug|Any CPU
		{B8AC4782-E97D-4CB0-85E0-79D7ED801997}.Debug|Any CPU.Build.0 = Debug|Any CPU
		{B8AC4782-E97D-4CB0-85E0-79D7ED801997}.Release|Any CPU.ActiveCfg = Release|Any CPU
		{B8AC4782-E97D-4CB0-85E0-79D7ED801997}.Release|Any CPU.Build.0 = Release|Any CPU
	EndGlobalSection
	GlobalSection(SolutionProperties) = preSolution
		HideSolutionNode = FALSE
	EndGlobalSection
	GlobalSection(ExtensibilityGlobals) = postSolution
		SolutionGuid = {C51419ED-B2B5-4628-B6C6-AA589B32A156}
	EndGlobalSection
EndGlobal
